# This file was autogenerated by Stack.
# You should not edit this file by hand.
# For more information, please see the documentation at:
#   https://docs.haskellstack.org/en/stable/lock_files

packages:
- completed:
    hackage: effectful-2.1.0.0@sha256:53b18b9161560cd98a8acec0883df740bf87027f623d58458e9f65adf83c450a,6094
    pantry-tree:
      sha256: 4b41ea612bb7a464e9dbd8937523bade40b7352063da8f56c847ae1c3be32428
      size: 2492
  original:
    hackage: effectful-2.1.0.0@sha256:53b18b9161560cd98a8acec0883df740bf87027f623d58458e9f65adf83c450a,6094
- completed:
    hackage: effectful-core-2.1.0.0@sha256:8cb5e4bc3336a1a17eb8689fe8ae4ebecbe5ee8b088794024d68f5a282c0588b,3622
    pantry-tree:
      sha256: 3f39289662a3f4ff6a9c4b1046758d1edaa5180e48e764d785dfc2100f38c000
      size: 1855
  original:
    hackage: effectful-core-2.1.0.0@sha256:8cb5e4bc3336a1a17eb8689fe8ae4ebecbe5ee8b088794024d68f5a282c0588b,3622
- completed:
    hackage: effectful-th-1.0.0.0@sha256:93c94d28a5c9f9ad9be2af78488a85e396d4e4514ff916e76e043ebcdbdb1cdb,2520
    pantry-tree:
      sha256: 51f69b67c41eb3e62909316066291d71932ea308b694f1fc9988b00590488b6e
      size: 327
  original:
    hackage: effectful-th-1.0.0.0@sha256:93c94d28a5c9f9ad9be2af78488a85e396d4e4514ff916e76e043ebcdbdb1cdb,2520
- completed:
    hackage: effectful-plugin-1.0.0.0@sha256:c8144044d4533da578ecacb0678625a978c615876398aa323509df01b786f788,2662
    pantry-tree:
      sha256: ecc50a5501d5c46519539c08d7ec7a4dcee46c034cccebefbeaf68aaa4eea8f5
      size: 411
  original:
    hackage: effectful-plugin-1.0.0.0@sha256:c8144044d4533da578ecacb0678625a978c615876398aa323509df01b786f788,2662
snapshots:
- completed:
    sha256: 6d1532d40621957a25bad5195bfca7938e8a06d923c91bc52aa0f3c41181f2d4
    size: 619204
    url: https://raw.githubusercontent.com/commercialhaskell/stackage-snapshots/master/lts/19/33.yaml
  original: lts-19.33
